
Microsoft Visual Studio Solution File, Format Version 12.00
# Visual Studio Version 16
VisualStudioVersion = 16.0.30717.126
MinimumVisualStudioVersion = 10.0.40219.1
Project("{FAE04EC0-301F-11D3-BF4B-00C04F79EFBC}") = "YTP_Vinesauce_Edition", "YTP_Vinesauce_Edition.csproj", "{EEE2035B-B605-4903-B596-CAF8A9C83E2F}"
EndProject
Project("{2150E333-8FDC-42A3-9474-1A3956D46DE8}") = "Solution Items", "Solution Items", "{9FBDE85F-5444-4858-A9B9-DD54996B31F9}"
	ProjectSection(SolutionItems) = preProject
		CHANGELOG.md = CHANGELOG.md
		README.md = README.md
	EndProjectSection
EndProject
Global
	GlobalSection(SolutionConfigurationPlatforms) = preSolution
		Debug|Any CPU = Debug|Any CPU
		Release|Any CPU = Release|Any CPU
	EndGlobalSection
	GlobalSection(ProjectConfigurationPlatforms) = postSolution
		{EEE2035B-B605-4903-B596-CAF8A9C83E2F}.Debug|Any CPU.ActiveCfg = Debug|Any CPU
		{EEE2035B-B605-4903-B596-CAF8A9C83E2F}.Debug|Any CPU.Build.0 = Debug|Any CPU
		{EEE2035B-B605-4903-B596-CAF8A9C83E2F}.Release|Any CPU.ActiveCfg = Release|Any CPU
		{EEE2035B-B605-4903-B596-CAF8A9C83E2F}.Release|Any CPU.Build.0 = Release|Any CPU
	EndGlobalSection
	GlobalSection(SolutionProperties) = preSolution
		HideSolutionNode = FALSE
	EndGlobalSection
	GlobalSection(ExtensibilityGlobals) = postSolution
		SolutionGuid = {97A33D31-A50D-4D91-B69C-D9CF33368989}
	EndGlobalSection
EndGlobal
